%{
  "bunt": {:hex, :bunt, "0.2.0", "951c6e801e8b1d2cbe58ebbd3e616a869061ddadcc4863d0a2182541acae9a38", [:mix], [], "hexpm", "7af5c7e09fe1d40f76c8e4f9dd2be7cebd83909f31fee7cd0e9eadc567da8353"},
  "cowboy": {:hex, :cowboy, "2.9.0", "865dd8b6607e14cf03282e10e934023a1bd8be6f6bacf921a7e2a96d800cd452", [:make, :rebar3], [{:cowlib, "2.11.0", [hex: :cowlib, repo: "hexpm", optional: false]}, {:ranch, "1.8.0", [hex: :ranch, repo: "hexpm", optional: false]}], "hexpm", "2c729f934b4e1aa149aff882f57c6372c15399a20d54f65c8d67bef583021bde"},
  "cowboy_telemetry": {:hex, :cowboy_telemetry, "0.4.0", "f239f68b588efa7707abce16a84d0d2acf3a0f50571f8bb7f56a15865aae820c", [:rebar3], [{:cowboy, "~> 2.7", [hex: :cowboy, repo: "hexpm", optional: false]}, {:telemetry, "~> 1.0", [hex: :telemetry, repo: "hexpm", optional: false]}], "hexpm", "7d98bac1ee4565d31b62d59f8823dfd8356a169e7fcbb83831b8a5397404c9de"},
  "cowlib": {:hex, :cowlib, "2.11.0", "0b9ff9c346629256c42ebe1eeb769a83c6cb771a6ee5960bd110ab0b9b872063", [:make, :rebar3], [], "hexpm", "2b3e9da0b21c4565751a6d4901c20d1b4cc25cbb7fd50d91d2ab6dd287bc86a9"},
  "credo": {:hex, :credo, "1.6.2", "2f82b29a47c0bb7b72f023bf3a34d151624f1cbe1e6c4e52303b05a11166a701", [:mix], [{:bunt, "~> 0.2.0", [hex: :bunt, repo: "hexpm", optional: false]}, {:file_system, "~> 0.2.8", [hex: :file_system, repo: "hexpm", optional: false]}, {:jason, "~> 1.0", [hex: :jason, repo: "hexpm", optional: false]}], "hexpm", "ae9dc112bc368e7b145c547bec2ed257ef88955851c15057c7835251a17211c6"},
  "dialyxir": {:hex, :dialyxir, "1.1.0", "c5aab0d6e71e5522e77beff7ba9e08f8e02bad90dfbeffae60eaf0cb47e29488", [:mix], [{:erlex, ">= 0.2.6", [hex: :erlex, repo: "hexpm", optional: false]}], "hexpm", "07ea8e49c45f15264ebe6d5b93799d4dd56a44036cf42d0ad9c960bc266c0b9a"},
  "doma": {:hex, :doma, "1.0.0", "f11358a4350ab8b3d84820b5b3025c3f1c814fd544ac064500513aeaad28d20e", [:mix], [], "hexpm", "6cd9ffc04616708f32a5c68220a6fa262023535efd6147ccd693cf4adbf154cd"},
  "doma_algae": {:hex, :doma_algae, "1.3.1-doma", "04c60709daecffa1dc333737b6487c291d4e002daf779dc0a506424aa1b1f6c5", [:mix], [{:doma_quark, "2.3.2-doma2", [hex: :doma_quark, repo: "hexpm", optional: false]}, {:doma_witchcraft, "~> 1.0.4-doma", [hex: :doma_witchcraft, repo: "hexpm", optional: false]}, {:type_class, "~> 1.2", [hex: :type_class, repo: "hexpm", optional: false]}], "hexpm", "18d2be2b88d87ecbe5eefb9860ac53db52b1dbaf10e18b5ab830a2d6c6821975"},
  "doma_quark": {:hex, :doma_quark, "2.3.2-doma2", "44f91ead87c8de533b27482ab01bf1c637d341e7ad9ec7e5a056d298f424edf8", [:mix], [], "hexpm", "1099068e1049d7c2eb74164efc03f366ffb6ef44341543174e8754cbe31834b5"},
  "doma_witchcraft": {:hex, :doma_witchcraft, "1.0.4-doma", "a48577bc3f88f75be88dc94d64e82d2e7a3e962cac1020de300e169e3ef67333", [:mix], [{:doma_quark, "~> 2.3.2-doma2", [hex: :doma_quark, repo: "hexpm", optional: false]}, {:exceptional, "~> 2.1", [hex: :exceptional, repo: "hexpm", optional: false]}, {:operator, "~> 0.2", [hex: :operator, repo: "hexpm", optional: false]}, {:type_class, "~> 1.2", [hex: :type_class, repo: "hexpm", optional: false]}], "hexpm", "a03db992e88b00878ac4580482ba3e1d8ff946a19a51085cceea591640f62507"},
  "dyn_hacks": {:hex, :dyn_hacks, "0.1.0", "d659467e1128a9dc06a127d4094280c8b0e77ea21be42a07f5b8c390c06423a9", [:mix], [], "hexpm", "845bc89ff19434f5cb22448c8c612c19e834bd05b9f05738ee44c81b65e95102"},
  "earmark_parser": {:hex, :earmark_parser, "1.4.19", "de0d033d5ff9fc396a24eadc2fcf2afa3d120841eb3f1004d138cbf9273210e8", [:mix], [], "hexpm", "527ab6630b5c75c3a3960b75844c314ec305c76d9899bb30f71cb85952a9dc45"},
  "enacl": {:hex, :enacl, "1.2.1", "7776480b9b3d42a51d66dbbcbf17fa3d79285b3d2adcb4d5b5bd0b70f0ef1949", [:rebar3], [], "hexpm", "67bbbeddd2564dc899a3dcbc3765cd6ad71629134f1e500a50ec071f0f75e552"},
  "erlex": {:hex, :erlex, "0.2.6", "c7987d15e899c7a2f34f5420d2a2ea0d659682c06ac607572df55a43753aa12e", [:mix], [], "hexpm", "2ed2e25711feb44d52b17d2780eabf998452f6efda104877a3881c2f8c0c0c75"},
  "ex_doc": {:hex, :ex_doc, "0.27.3", "d09ed7ab590b71123959d9017f6715b54a448d76b43cf909eb0b2e5a78a977b2", [:mix], [{:earmark_parser, "~> 1.4.19", [hex: :earmark_parser, repo: "hexpm", optional: false]}, {:makeup_elixir, "~> 0.14", [hex: :makeup_elixir, repo: "hexpm", optional: false]}, {:makeup_erlang, "~> 0.1", [hex: :makeup_erlang, repo: "hexpm", optional: false]}], "hexpm", "ee60b329d08195039bfeb25231a208749be4f2274eae42ce38f9be0538a2f2e6"},
  "exceptional": {:hex, :exceptional, "2.1.3", "cb17cb9b7c4882e763b82db08ba317678157ca95970fae96b31b3c90f5960c3d", [:mix], [], "hexpm", "59d67ae2df6784e7a957087742ae9011f220c3d1523706c5cd7ee0741bca5897"},
  "file_system": {:hex, :file_system, "0.2.10", "fb082005a9cd1711c05b5248710f8826b02d7d1784e7c3451f9c1231d4fc162d", [:mix], [], "hexpm", "41195edbfb562a593726eda3b3e8b103a309b733ad25f3d642ba49696bf715dc"},
  "jason": {:hex, :jason, "1.3.0", "fa6b82a934feb176263ad2df0dbd91bf633d4a46ebfdffea0c8ae82953714946", [:mix], [{:decimal, "~> 1.0 or ~> 2.0", [hex: :decimal, repo: "hexpm", optional: true]}], "hexpm", "53fc1f51255390e0ec7e50f9cb41e751c260d065dcba2bf0d08dc51a4002c2ac"},
  "libgraph": {:hex, :libgraph, "0.13.3", "20732b7bafb933dcf7351c479e03076ebd14a85fd3202c67a1c197f4f7c2466b", [:mix], [], "hexpm", "78f2576eef615440b46f10060b1de1c86640441422832052686df53dc3c148c6"},
  "makeup": {:hex, :makeup, "1.0.5", "d5a830bc42c9800ce07dd97fa94669dfb93d3bf5fcf6ea7a0c67b2e0e4a7f26c", [:mix], [{:nimble_parsec, "~> 0.5 or ~> 1.0", [hex: :nimble_parsec, repo: "hexpm", optional: false]}], "hexpm", "cfa158c02d3f5c0c665d0af11512fed3fba0144cf1aadee0f2ce17747fba2ca9"},
  "makeup_elixir": {:hex, :makeup_elixir, "0.15.2", "dc72dfe17eb240552857465cc00cce390960d9a0c055c4ccd38b70629227e97c", [:mix], [{:makeup, "~> 1.0", [hex: :makeup, repo: "hexpm", optional: false]}, {:nimble_parsec, "~> 1.1", [hex: :nimble_parsec, repo: "hexpm", optional: false]}], "hexpm", "fd23ae48d09b32eff49d4ced2b43c9f086d402ee4fd4fcb2d7fad97fa8823e75"},
  "makeup_erlang": {:hex, :makeup_erlang, "0.1.1", "3fcb7f09eb9d98dc4d208f49cc955a34218fc41ff6b84df7c75b3e6e533cc65f", [:mix], [{:makeup, "~> 1.0", [hex: :makeup, repo: "hexpm", optional: false]}], "hexpm", "174d0809e98a4ef0b3309256cbf97101c6ec01c4ab0b23e926a9e17df2077cbb"},
  "mime": {:hex, :mime, "2.0.2", "0b9e1a4c840eafb68d820b0e2158ef5c49385d17fb36855ac6e7e087d4b1dcc5", [:mix], [], "hexpm", "e6a3f76b4c277739e36c2e21a2c640778ba4c3846189d5ab19f97f126df5f9b7"},
  "nimble_parsec": {:hex, :nimble_parsec, "1.2.0", "b44d75e2a6542dcb6acf5d71c32c74ca88960421b6874777f79153bbbbd7dccc", [:mix], [], "hexpm", "52b2871a7515a5ac49b00f214e4165a40724cf99798d8e4a65e4fd64ebd002c1"},
  "operator": {:hex, :operator, "0.2.1", "4572312bbd3e63a5c237bf15c3a7670d568e3651ea744289130780006e70e5f5", [:mix], [], "hexpm", "1990cc6dc651d7fff04636eef06fc64e6bc1da83a1da890c08ca3432e17e267a"},
  "persist": {:hex, :persist, "0.1.2-rc", "f306eae4cb72b119607748859b89b51266e6d7e8ed109dcca4364acd87234ba0", [:mix], [{:dyn_hacks, "~> 0.1.0", [hex: :dyn_hacks, repo: "hexpm", optional: false]}, {:uptight, "~> 0.2.4-rc", [hex: :uptight, repo: "hexpm", optional: false]}], "hexpm", "1406fdee0890cc5f0464315366325e5ccc44e1ca36225c3ed4e0985d516a4031"},
  "plug": {:hex, :plug, "1.12.1", "645678c800601d8d9f27ad1aebba1fdb9ce5b2623ddb961a074da0b96c35187d", [:mix], [{:mime, "~> 1.0 or ~> 2.0", [hex: :mime, repo: "hexpm", optional: false]}, {:plug_crypto, "~> 1.1.1 or ~> 1.2", [hex: :plug_crypto, repo: "hexpm", optional: false]}, {:telemetry, "~> 0.4.3 or ~> 1.0", [hex: :telemetry, repo: "hexpm", optional: false]}], "hexpm", "d57e799a777bc20494b784966dc5fbda91eb4a09f571f76545b72a634ce0d30b"},
  "plug_cowboy": {:hex, :plug_cowboy, "2.5.2", "62894ccd601cf9597e2c23911ff12798a8a18d237e9739f58a6b04e4988899fe", [:mix], [{:cowboy, "~> 2.7", [hex: :cowboy, repo: "hexpm", optional: false]}, {:cowboy_telemetry, "~> 0.3", [hex: :cowboy_telemetry, repo: "hexpm", optional: false]}, {:plug, "~> 1.7", [hex: :plug, repo: "hexpm", optional: false]}], "hexpm", "ea6e87f774c8608d60c8d34022a7d073bd7680a0a013f049fc62bf35efea1044"},
  "plug_crypto": {:hex, :plug_crypto, "1.2.2", "05654514ac717ff3a1843204b424477d9e60c143406aa94daf2274fdd280794d", [:mix], [], "hexpm", "87631c7ad914a5a445f0a3809f99b079113ae4ed4b867348dd9eec288cecb6db"},
  "propcheck": {:hex, :propcheck, "1.4.1", "c12908dbe6f572032928548089b34ff9d40672d5d70f1562e3a9e9058d226cc9", [:mix], [{:libgraph, "~> 0.13", [hex: :libgraph, repo: "hexpm", optional: false]}, {:proper, "~> 1.4", [hex: :proper, repo: "hexpm", optional: false]}], "hexpm", "e1b088f574785c3c7e864da16f39082d5599b3aaf89086d3f9be6adb54464b19"},
  "proper": {:hex, :proper, "1.4.0", "89a44b8c39d28bb9b4be8e4d715d534905b325470f2e0ec5e004d12484a79434", [:rebar3], [], "hexpm", "18285842185bd33efbda97d134a5cb5a0884384db36119fee0e3cfa488568cbb"},
  "ranch": {:hex, :ranch, "1.8.0", "8c7a100a139fd57f17327b6413e4167ac559fbc04ca7448e9be9057311597a1d", [:make, :rebar3], [], "hexpm", "49fbcfd3682fab1f5d109351b61257676da1a2fdbe295904176d5e521a2ddfe5"},
  "telemetry": {:hex, :telemetry, "1.0.0", "0f453a102cdf13d506b7c0ab158324c337c41f1cc7548f0bc0e130bbf0ae9452", [:rebar3], [], "hexpm", "73bc09fa59b4a0284efb4624335583c528e07ec9ae76aca96ea0673850aec57a"},
  "type_class": {:hex, :type_class, "1.2.8", "349db84be8c664e119efaae1a09a44b113bc8e81af1d032f4e3e38feef4fac32", [:mix], [{:exceptional, "~> 2.1", [hex: :exceptional, repo: "hexpm", optional: false]}], "hexpm", "bb93de2cacfd6f0ee43f4616f7a139816a73deba4ae8ee3364bcfa4abe3eef3e"},
  "uptight": {:hex, :uptight, "0.2.4-rc", "b5b525f71c6b9842fac346453cd66dcc4d6d0dd6c55e10602a7f3b2c6f8cbcc4", [:mix], [{:doma_algae, "~> 1.3.1-doma", [hex: :doma_algae, repo: "hexpm", optional: false]}, {:doma_quark, "~> 2.3.2-doma2", [hex: :doma_quark, repo: "hexpm", optional: false]}, {:doma_witchcraft, "~> 1.0.4-doma", [hex: :doma_witchcraft, repo: "hexpm", optional: false]}, {:jason, "~> 1.3", [hex: :jason, repo: "hexpm", optional: false]}], "hexpm", "2300980fd7f21099207d2b284ee2f02997d1bf3bd533f0680fdc0106e9c4280f"},
}
